<Solution>
  <Folder Name="/App/">
    <Project Path="TimeTracking.Controls/TimeTracking.Controls.csproj" Id="103fbbe3-1fab-4153-8ac9-5795a5319ec1" />
    <Project Path="TimeTracking.Legacy/TimeTracking.Legacy.vbproj" />
    <Project Path="TimeTracking/TimeTracking.csproj" />
  </Folder>
</Solution>
